// !$*UTF8*$!
{
	archiveVersion = 1;
	classes = {
	};
	objectVersion = 46;
	objects = {

/* Begin PBXBuildFile section */
		44A3C9E97285B686A5282585 /* Pods_TaskHero.framework in Frameworks */ = {isa = PBXBuildFile; fileRef = FF39FDB9B705F8547F587B26 /* Pods_TaskHero.framework */; };
		6FFBB4D61DD7EE3300BEC201 /* Login.storyboard in Resources */ = {isa = PBXBuildFile; fileRef = 6FFBB4D51DD7EE3300BEC201 /* Login.storyboard */; };
		6FFBB4D81DD7EF0600BEC201 /* LoginViewController.swift in Sources */ = {isa = PBXBuildFile; fileRef = 6FFBB4D71DD7EF0600BEC201 /* LoginViewController.swift */; };
		6FFBB4DC1DD7F76B00BEC201 /* LoginInputViewController.swift in Sources */ = {isa = PBXBuildFile; fileRef = 6FFBB4DB1DD7F76B00BEC201 /* LoginInputViewController.swift */; };
		6FFBB4E01DD8019C00BEC201 /* ParseAPIKey.swift in Sources */ = {isa = PBXBuildFile; fileRef = 6FFBB4DF1DD8019C00BEC201 /* ParseAPIKey.swift */; };
		6FFC30441DD8305800597B7A /* User.swift in Sources */ = {isa = PBXBuildFile; fileRef = 6FFC30431DD8305800597B7A /* User.swift */; };
		6FFC30471DD8310200597B7A /* BottomBarLoader.swift in Sources */ = {isa = PBXBuildFile; fileRef = 6FFC30461DD8310200597B7A /* BottomBarLoader.swift */; };
		6FFC30491DD8343B00597B7A /* ParseClient.swift in Sources */ = {isa = PBXBuildFile; fileRef = 6FFC30481DD8343B00597B7A /* ParseClient.swift */; };
		A89AFB611DD8CAC500141EEB /* TaskCatalogViewController.swift in Sources */ = {isa = PBXBuildFile; fileRef = A89AFB601DD8CAC500141EEB /* TaskCatalogViewController.swift */; };
		A89AFB631DD8CF0100141EEB /* TaskCardCell.xib in Resources */ = {isa = PBXBuildFile; fileRef = A89AFB621DD8CF0100141EEB /* TaskCardCell.xib */; };
		A89AFB651DD8D34900141EEB /* TaskCardCell.swift in Sources */ = {isa = PBXBuildFile; fileRef = A89AFB641DD8D34900141EEB /* TaskCardCell.swift */; };
		A89AFB671DD8D53D00141EEB /* Task.swift in Sources */ = {isa = PBXBuildFile; fileRef = A89AFB661DD8D53D00141EEB /* Task.swift */; };
		A89AFB691DD9668000141EEB /* TaskDetailViewController.swift in Sources */ = {isa = PBXBuildFile; fileRef = A89AFB681DD9668000141EEB /* TaskDetailViewController.swift */; };
		A89AFB6B1DD9669400141EEB /* StepDetailViewController.swift in Sources */ = {isa = PBXBuildFile; fileRef = A89AFB6A1DD9669400141EEB /* StepDetailViewController.swift */; };
		A89AFB6F1DD9720F00141EEB /* StepCell.xib in Resources */ = {isa = PBXBuildFile; fileRef = A89AFB6E1DD9720F00141EEB /* StepCell.xib */; };
		A89AFB711DD9722A00141EEB /* StepCell.swift in Sources */ = {isa = PBXBuildFile; fileRef = A89AFB701DD9722A00141EEB /* StepCell.swift */; };
		F450E7301DC99E1C006B1EC2 /* AppDelegate.swift in Sources */ = {isa = PBXBuildFile; fileRef = F450E72F1DC99E1C006B1EC2 /* AppDelegate.swift */; };
		F450E7351DC99E1C006B1EC2 /* Main.storyboard in Resources */ = {isa = PBXBuildFile; fileRef = F450E7331DC99E1C006B1EC2 /* Main.storyboard */; };
		F450E7371DC99E1C006B1EC2 /* Assets.xcassets in Resources */ = {isa = PBXBuildFile; fileRef = F450E7361DC99E1C006B1EC2 /* Assets.xcassets */; };
		F450E73A1DC99E1C006B1EC2 /* LaunchScreen.storyboard in Resources */ = {isa = PBXBuildFile; fileRef = F450E7381DC99E1C006B1EC2 /* LaunchScreen.storyboard */; };
		F4F68D091DD7F349008B0634 /* BottomBarViewController.swift in Sources */ = {isa = PBXBuildFile; fileRef = F4F68D081DD7F349008B0634 /* BottomBarViewController.swift */; };
/* End PBXBuildFile section */

/* Begin PBXFileReference section */
		6C9B051DF5F700B34CF21EF6 /* Pods-TaskHero.release.xcconfig */ = {isa = PBXFileReference; includeInIndex = 1; lastKnownFileType = text.xcconfig; name = "Pods-TaskHero.release.xcconfig"; path = "Pods/Target Support Files/Pods-TaskHero/Pods-TaskHero.release.xcconfig"; sourceTree = "<group>"; };
		6FFBB4D51DD7EE3300BEC201 /* Login.storyboard */ = {isa = PBXFileReference; fileEncoding = 4; lastKnownFileType = file.storyboard; path = Login.storyboard; sourceTree = "<group>"; };
		6FFBB4D71DD7EF0600BEC201 /* LoginViewController.swift */ = {isa = PBXFileReference; fileEncoding = 4; lastKnownFileType = sourcecode.swift; path = LoginViewController.swift; sourceTree = "<group>"; };
		6FFBB4DB1DD7F76B00BEC201 /* LoginInputViewController.swift */ = {isa = PBXFileReference; fileEncoding = 4; lastKnownFileType = sourcecode.swift; path = LoginInputViewController.swift; sourceTree = "<group>"; };
		6FFBB4DF1DD8019C00BEC201 /* ParseAPIKey.swift */ = {isa = PBXFileReference; fileEncoding = 4; lastKnownFileType = sourcecode.swift; path = ParseAPIKey.swift; sourceTree = "<group>"; };
		6FFC30431DD8305800597B7A /* User.swift */ = {isa = PBXFileReference; fileEncoding = 4; lastKnownFileType = sourcecode.swift; path = User.swift; sourceTree = "<group>"; };
		6FFC30461DD8310200597B7A /* BottomBarLoader.swift */ = {isa = PBXFileReference; fileEncoding = 4; lastKnownFileType = sourcecode.swift; path = BottomBarLoader.swift; sourceTree = "<group>"; };
		6FFC30481DD8343B00597B7A /* ParseClient.swift */ = {isa = PBXFileReference; fileEncoding = 4; lastKnownFileType = sourcecode.swift; path = ParseClient.swift; sourceTree = "<group>"; };
		91DCEFDF98244058CB0BBD64 /* Pods-TaskHero.debug.xcconfig */ = {isa = PBXFileReference; includeInIndex = 1; lastKnownFileType = text.xcconfig; name = "Pods-TaskHero.debug.xcconfig"; path = "Pods/Target Support Files/Pods-TaskHero/Pods-TaskHero.debug.xcconfig"; sourceTree = "<group>"; };
		A89AFB601DD8CAC500141EEB /* TaskCatalogViewController.swift */ = {isa = PBXFileReference; fileEncoding = 4; lastKnownFileType = sourcecode.swift; path = TaskCatalogViewController.swift; sourceTree = "<group>"; };
		A89AFB621DD8CF0100141EEB /* TaskCardCell.xib */ = {isa = PBXFileReference; fileEncoding = 4; lastKnownFileType = file.xib; path = TaskCardCell.xib; sourceTree = "<group>"; };
		A89AFB641DD8D34900141EEB /* TaskCardCell.swift */ = {isa = PBXFileReference; fileEncoding = 4; lastKnownFileType = sourcecode.swift; path = TaskCardCell.swift; sourceTree = "<group>"; };
		A89AFB661DD8D53D00141EEB /* Task.swift */ = {isa = PBXFileReference; fileEncoding = 4; lastKnownFileType = sourcecode.swift; path = Task.swift; sourceTree = "<group>"; };
		A89AFB681DD9668000141EEB /* TaskDetailViewController.swift */ = {isa = PBXFileReference; fileEncoding = 4; lastKnownFileType = sourcecode.swift; path = TaskDetailViewController.swift; sourceTree = "<group>"; };
		A89AFB6A1DD9669400141EEB /* StepDetailViewController.swift */ = {isa = PBXFileReference; fileEncoding = 4; lastKnownFileType = sourcecode.swift; path = StepDetailViewController.swift; sourceTree = "<group>"; };
		A89AFB6E1DD9720F00141EEB /* StepCell.xib */ = {isa = PBXFileReference; fileEncoding = 4; lastKnownFileType = file.xib; path = StepCell.xib; sourceTree = "<group>"; };
		A89AFB701DD9722A00141EEB /* StepCell.swift */ = {isa = PBXFileReference; fileEncoding = 4; lastKnownFileType = sourcecode.swift; path = StepCell.swift; sourceTree = "<group>"; };
		F450E72C1DC99E1C006B1EC2 /* TaskHero.app */ = {isa = PBXFileReference; explicitFileType = wrapper.application; includeInIndex = 0; path = TaskHero.app; sourceTree = BUILT_PRODUCTS_DIR; };
		F450E72F1DC99E1C006B1EC2 /* AppDelegate.swift */ = {isa = PBXFileReference; lastKnownFileType = sourcecode.swift; path = AppDelegate.swift; sourceTree = "<group>"; };
		F450E7341DC99E1C006B1EC2 /* Base */ = {isa = PBXFileReference; lastKnownFileType = file.storyboard; name = Base; path = Base.lproj/Main.storyboard; sourceTree = "<group>"; };
		F450E7361DC99E1C006B1EC2 /* Assets.xcassets */ = {isa = PBXFileReference; lastKnownFileType = folder.assetcatalog; path = Assets.xcassets; sourceTree = "<group>"; };
		F450E7391DC99E1C006B1EC2 /* Base */ = {isa = PBXFileReference; lastKnownFileType = file.storyboard; name = Base; path = Base.lproj/LaunchScreen.storyboard; sourceTree = "<group>"; };
		F450E73B1DC99E1C006B1EC2 /* Info.plist */ = {isa = PBXFileReference; lastKnownFileType = text.plist.xml; path = Info.plist; sourceTree = "<group>"; };
		F4F68D081DD7F349008B0634 /* BottomBarViewController.swift */ = {isa = PBXFileReference; fileEncoding = 4; lastKnownFileType = sourcecode.swift; path = BottomBarViewController.swift; sourceTree = "<group>"; };
		FF39FDB9B705F8547F587B26 /* Pods_TaskHero.framework */ = {isa = PBXFileReference; explicitFileType = wrapper.framework; includeInIndex = 0; path = Pods_TaskHero.framework; sourceTree = BUILT_PRODUCTS_DIR; };
/* End PBXFileReference section */

/* Begin PBXFrameworksBuildPhase section */
		F450E7291DC99E1C006B1EC2 /* Frameworks */ = {
			isa = PBXFrameworksBuildPhase;
			buildActionMask = 2147483647;
			files = (
				44A3C9E97285B686A5282585 /* Pods_TaskHero.framework in Frameworks */,
			);
			runOnlyForDeploymentPostprocessing = 0;
		};
/* End PBXFrameworksBuildPhase section */

/* Begin PBXGroup section */
		30D1D09F915A28BB298F56AD /* Frameworks */ = {
			isa = PBXGroup;
			children = (
				FF39FDB9B705F8547F587B26 /* Pods_TaskHero.framework */,
			);
			name = Frameworks;
			sourceTree = "<group>";
		};
		311773B6E565A562931D39F8 /* Pods */ = {
			isa = PBXGroup;
			children = (
				91DCEFDF98244058CB0BBD64 /* Pods-TaskHero.debug.xcconfig */,
				6C9B051DF5F700B34CF21EF6 /* Pods-TaskHero.release.xcconfig */,
			);
			name = Pods;
			sourceTree = "<group>";
		};
		6FFBB4D91DD7EF5000BEC201 /* view controllers */ = {
			isa = PBXGroup;
			children = (
				F4F68D081DD7F349008B0634 /* BottomBarViewController.swift */,
				6FFBB4D71DD7EF0600BEC201 /* LoginViewController.swift */,
				6FFBB4DB1DD7F76B00BEC201 /* LoginInputViewController.swift */,
				A89AFB601DD8CAC500141EEB /* TaskCatalogViewController.swift */,
				A89AFB681DD9668000141EEB /* TaskDetailViewController.swift */,
				A89AFB6A1DD9669400141EEB /* StepDetailViewController.swift */,
			);
			name = "view controllers";
			sourceTree = "<group>";
		};
		6FFBB4DA1DD7F6FD00BEC201 /* api */ = {
			isa = PBXGroup;
			children = (
				6FFBB4DF1DD8019C00BEC201 /* ParseAPIKey.swift */,
				6FFC30481DD8343B00597B7A /* ParseClient.swift */,
			);
			name = api;
			sourceTree = "<group>";
		};
		6FFC30411DD82F0500597B7A /* storyboards */ = {
			isa = PBXGroup;
			children = (
				F450E7381DC99E1C006B1EC2 /* LaunchScreen.storyboard */,
				6FFBB4D51DD7EE3300BEC201 /* Login.storyboard */,
				F450E7331DC99E1C006B1EC2 /* Main.storyboard */,
			);
			name = storyboards;
			sourceTree = "<group>";
		};
		6FFC30421DD8304D00597B7A /* models */ = {
			isa = PBXGroup;
			children = (
				6FFC30431DD8305800597B7A /* User.swift */,
				A89AFB661DD8D53D00141EEB /* Task.swift */,
			);
			name = models;
			sourceTree = "<group>";
		};
		6FFC30451DD830E600597B7A /* views */ = {
			isa = PBXGroup;
			children = (
				6FFC30461DD8310200597B7A /* BottomBarLoader.swift */,
				A89AFB621DD8CF0100141EEB /* TaskCardCell.xib */,
				A89AFB641DD8D34900141EEB /* TaskCardCell.swift */,
				A89AFB6E1DD9720F00141EEB /* StepCell.xib */,
				A89AFB701DD9722A00141EEB /* StepCell.swift */,
			);
			name = views;
			sourceTree = "<group>";
		};
		F450E7231DC99E1C006B1EC2 = {
			isa = PBXGroup;
			children = (
				F450E72E1DC99E1C006B1EC2 /* TaskHero */,
				F450E72D1DC99E1C006B1EC2 /* Products */,
				311773B6E565A562931D39F8 /* Pods */,
				30D1D09F915A28BB298F56AD /* Frameworks */,
			);
			sourceTree = "<group>";
		};
		F450E72D1DC99E1C006B1EC2 /* Products */ = {
			isa = PBXGroup;
			children = (
				F450E72C1DC99E1C006B1EC2 /* TaskHero.app */,
			);
			name = Products;
			sourceTree = "<group>";
		};
		F450E72E1DC99E1C006B1EC2 /* TaskHero */ = {
			isa = PBXGroup;
			children = (
				6FFC30451DD830E600597B7A /* views */,
				6FFC30421DD8304D00597B7A /* models */,
				6FFC30411DD82F0500597B7A /* storyboards */,
				6FFBB4DA1DD7F6FD00BEC201 /* api */,
				6FFBB4D91DD7EF5000BEC201 /* view controllers */,
				F450E72F1DC99E1C006B1EC2 /* AppDelegate.swift */,
				F450E7361DC99E1C006B1EC2 /* Assets.xcassets */,
				F450E73B1DC99E1C006B1EC2 /* Info.plist */,
			);
			path = TaskHero;
			sourceTree = "<group>";
		};
/* End PBXGroup section */

/* Begin PBXNativeTarget section */
		F450E72B1DC99E1C006B1EC2 /* TaskHero */ = {
			isa = PBXNativeTarget;
			buildConfigurationList = F450E73E1DC99E1C006B1EC2 /* Build configuration list for PBXNativeTarget "TaskHero" */;
			buildPhases = (
				F12337B7C896EC849C125FE6 /* [CP] Check Pods Manifest.lock */,
				F450E7281DC99E1C006B1EC2 /* Sources */,
				F450E7291DC99E1C006B1EC2 /* Frameworks */,
				F450E72A1DC99E1C006B1EC2 /* Resources */,
				83266EA073AA24B6FEB5ACEC /* [CP] Embed Pods Frameworks */,
				ABF3B7FFDCE1430B21D4CD20 /* [CP] Copy Pods Resources */,
			);
			buildRules = (
			);
			dependencies = (
			);
			name = TaskHero;
			productName = TaskHero;
			productReference = F450E72C1DC99E1C006B1EC2 /* TaskHero.app */;
			productType = "com.apple.product-type.application";
		};
/* End PBXNativeTarget section */

/* Begin PBXProject section */
		F450E7241DC99E1C006B1EC2 /* Project object */ = {
			isa = PBXProject;
			attributes = {
				LastSwiftUpdateCheck = 0800;
				LastUpgradeCheck = 0810;
				ORGANIZATIONNAME = "Task Hero";
				TargetAttributes = {
					F450E72B1DC99E1C006B1EC2 = {
						CreatedOnToolsVersion = 8.0;
						DevelopmentTeam = GW6D535Q4U;
						ProvisioningStyle = Automatic;
					};
				};
			};
			buildConfigurationList = F450E7271DC99E1C006B1EC2 /* Build configuration list for PBXProject "TaskHero" */;
			compatibilityVersion = "Xcode 3.2";
			developmentRegion = English;
			hasScannedForEncodings = 0;
			knownRegions = (
				en,
				Base,
			);
			mainGroup = F450E7231DC99E1C006B1EC2;
			productRefGroup = F450E72D1DC99E1C006B1EC2 /* Products */;
			projectDirPath = "";
			projectRoot = "";
			targets = (
				F450E72B1DC99E1C006B1EC2 /* TaskHero */,
			);
		};
/* End PBXProject section */

/* Begin PBXResourcesBuildPhase section */
		F450E72A1DC99E1C006B1EC2 /* Resources */ = {
			isa = PBXResourcesBuildPhase;
			buildActionMask = 2147483647;
			files = (
				6FFBB4D61DD7EE3300BEC201 /* Login.storyboard in Resources */,
				A89AFB631DD8CF0100141EEB /* TaskCardCell.xib in Resources */,
				F450E73A1DC99E1C006B1EC2 /* LaunchScreen.storyboard in Resources */,
				A89AFB6F1DD9720F00141EEB /* StepCell.xib in Resources */,
				F450E7371DC99E1C006B1EC2 /* Assets.xcassets in Resources */,
				F450E7351DC99E1C006B1EC2 /* Main.storyboard in Resources */,
			);
			runOnlyForDeploymentPostprocessing = 0;
		};
/* End PBXResourcesBuildPhase section */

/* Begin PBXShellScriptBuildPhase section */
		83266EA073AA24B6FEB5ACEC /* [CP] Embed Pods Frameworks */ = {
			isa = PBXShellScriptBuildPhase;
			buildActionMask = 2147483647;
			files = (
			);
			inputPaths = (
			);
			name = "[CP] Embed Pods Frameworks";
			outputPaths = (
			);
			runOnlyForDeploymentPostprocessing = 0;
			shellPath = /bin/sh;
			shellScript = "\"${SRCROOT}/Pods/Target Support Files/Pods-TaskHero/Pods-TaskHero-frameworks.sh\"\n";
			showEnvVarsInLog = 0;
		};
		ABF3B7FFDCE1430B21D4CD20 /* [CP] Copy Pods Resources */ = {
			isa = PBXShellScriptBuildPhase;
			buildActionMask = 2147483647;
			files = (
			);
			inputPaths = (
			);
			name = "[CP] Copy Pods Resources";
			outputPaths = (
			);
			runOnlyForDeploymentPostprocessing = 0;
			shellPath = /bin/sh;
			shellScript = "\"${SRCROOT}/Pods/Target Support Files/Pods-TaskHero/Pods-TaskHero-resources.sh\"\n";
			showEnvVarsInLog = 0;
		};
		F12337B7C896EC849C125FE6 /* [CP] Check Pods Manifest.lock */ = {
			isa = PBXShellScriptBuildPhase;
			buildActionMask = 2147483647;
			files = (
			);
			inputPaths = (
			);
			name = "[CP] Check Pods Manifest.lock";
			outputPaths = (
			);
			runOnlyForDeploymentPostprocessing = 0;
			shellPath = /bin/sh;
			shellScript = "diff \"${PODS_ROOT}/../Podfile.lock\" \"${PODS_ROOT}/Manifest.lock\" > /dev/null\nif [ $? != 0 ] ; then\n    # print error to STDERR\n    echo \"error: The sandbox is not in sync with the Podfile.lock. Run 'pod install' or update your CocoaPods installation.\" >&2\n    exit 1\nfi\n";
			showEnvVarsInLog = 0;
		};
/* End PBXShellScriptBuildPhase section */

/* Begin PBXSourcesBuildPhase section */
		F450E7281DC99E1C006B1EC2 /* Sources */ = {
			isa = PBXSourcesBuildPhase;
			buildActionMask = 2147483647;
			files = (
				A89AFB671DD8D53D00141EEB /* Task.swift in Sources */,
				6FFBB4E01DD8019C00BEC201 /* ParseAPIKey.swift in Sources */,
				6FFBB4D81DD7EF0600BEC201 /* LoginViewController.swift in Sources */,
				6FFC30441DD8305800597B7A /* User.swift in Sources */,
				A89AFB651DD8D34900141EEB /* TaskCardCell.swift in Sources */,
				A89AFB711DD9722A00141EEB /* StepCell.swift in Sources */,
				6FFBB4DC1DD7F76B00BEC201 /* LoginInputViewController.swift in Sources */,
				A89AFB691DD9668000141EEB /* TaskDetailViewController.swift in Sources */,
				F450E7301DC99E1C006B1EC2 /* AppDelegate.swift in Sources */,
				F4F68D091DD7F349008B0634 /* BottomBarViewController.swift in Sources */,
				6FFC30491DD8343B00597B7A /* ParseClient.swift in Sources */,
				A89AFB611DD8CAC500141EEB /* TaskCatalogViewController.swift in Sources */,
				A89AFB6B1DD9669400141EEB /* StepDetailViewController.swift in Sources */,
				6FFC30471DD8310200597B7A /* BottomBarLoader.swift in Sources */,
			);
			runOnlyForDeploymentPostprocessing = 0;
		};
/* End PBXSourcesBuildPhase section */

/* Begin PBXVariantGroup section */
		F450E7331DC99E1C006B1EC2 /* Main.storyboard */ = {
			isa = PBXVariantGroup;
			children = (
				F450E7341DC99E1C006B1EC2 /* Base */,
			);
			name = Main.storyboard;
			sourceTree = "<group>";
		};
		F450E7381DC99E1C006B1EC2 /* LaunchScreen.storyboard */ = {
			isa = PBXVariantGroup;
			children = (
				F450E7391DC99E1C006B1EC2 /* Base */,
			);
			name = LaunchScreen.storyboard;
			sourceTree = "<group>";
		};
/* End PBXVariantGroup section */

/* Begin XCBuildConfiguration section */
		F450E73C1DC99E1C006B1EC2 /* Debug */ = {
			isa = XCBuildConfiguration;
			buildSettings = {
				ALWAYS_SEARCH_USER_PATHS = NO;
				CLANG_ANALYZER_NONNULL = YES;
				CLANG_CXX_LANGUAGE_STANDARD = "gnu++0x";
				CLANG_CXX_LIBRARY = "libc++";
				CLANG_ENABLE_MODULES = YES;
				CLANG_ENABLE_OBJC_ARC = YES;
				CLANG_WARN_BOOL_CONVERSION = YES;
				CLANG_WARN_CONSTANT_CONVERSION = YES;
				CLANG_WARN_DIRECT_OBJC_ISA_USAGE = YES_ERROR;
				CLANG_WARN_DOCUMENTATION_COMMENTS = YES;
				CLANG_WARN_EMPTY_BODY = YES;
				CLANG_WARN_ENUM_CONVERSION = YES;
				CLANG_WARN_INFINITE_RECURSION = YES;
				CLANG_WARN_INT_CONVERSION = YES;
				CLANG_WARN_OBJC_ROOT_CLASS = YES_ERROR;
				CLANG_WARN_SUSPICIOUS_MOVE = YES;
				CLANG_WARN_SUSPICIOUS_MOVES = YES;
				CLANG_WARN_UNREACHABLE_CODE = YES;
				CLANG_WARN__DUPLICATE_METHOD_MATCH = YES;
				"CODE_SIGN_IDENTITY[sdk=iphoneos*]" = "iPhone Developer";
				COPY_PHASE_STRIP = NO;
				DEBUG_INFORMATION_FORMAT = dwarf;
				ENABLE_STRICT_OBJC_MSGSEND = YES;
				ENABLE_TESTABILITY = YES;
				GCC_C_LANGUAGE_STANDARD = gnu99;
				GCC_DYNAMIC_NO_PIC = NO;
				GCC_NO_COMMON_BLOCKS = YES;
				GCC_OPTIMIZATION_LEVEL = 0;
				GCC_PREPROCESSOR_DEFINITIONS = (
					"DEBUG=1",
					"$(inherited)",
				);
				GCC_WARN_64_TO_32_BIT_CONVERSION = YES;
				GCC_WARN_ABOUT_RETURN_TYPE = YES_ERROR;
				GCC_WARN_UNDECLARED_SELECTOR = YES;
				GCC_WARN_UNINITIALIZED_AUTOS = YES_AGGRESSIVE;
				GCC_WARN_UNUSED_FUNCTION = YES;
				GCC_WARN_UNUSED_VARIABLE = YES;
				IPHONEOS_DEPLOYMENT_TARGET = 10.0;
				MTL_ENABLE_DEBUG_INFO = YES;
				ONLY_ACTIVE_ARCH = YES;
				SDKROOT = iphoneos;
				SWIFT_ACTIVE_COMPILATION_CONDITIONS = DEBUG;
				SWIFT_OPTIMIZATION_LEVEL = "-Onone";
				TARGETED_DEVICE_FAMILY = "1,2";
			};
			name = Debug;
		};
		F450E73D1DC99E1C006B1EC2 /* Release */ = {
			isa = XCBuildConfiguration;
			buildSettings = {
				ALWAYS_SEARCH_USER_PATHS = NO;
				CLANG_ANALYZER_NONNULL = YES;
				CLANG_CXX_LANGUAGE_STANDARD = "gnu++0x";
				CLANG_CXX_LIBRARY = "libc++";
				CLANG_ENABLE_MODULES = YES;
				CLANG_ENABLE_OBJC_ARC = YES;
				CLANG_WARN_BOOL_CONVERSION = YES;
				CLANG_WARN_CONSTANT_CONVERSION = YES;
				CLANG_WARN_DIRECT_OBJC_ISA_USAGE = YES_ERROR;
				CLANG_WARN_DOCUMENTATION_COMMENTS = YES;
				CLANG_WARN_EMPTY_BODY = YES;
				CLANG_WARN_ENUM_CONVERSION = YES;
				CLANG_WARN_INFINITE_RECURSION = YES;
				CLANG_WARN_INT_CONVERSION = YES;
				CLANG_WARN_OBJC_ROOT_CLASS = YES_ERROR;
				CLANG_WARN_SUSPICIOUS_MOVE = YES;
				CLANG_WARN_SUSPICIOUS_MOVES = YES;
				CLANG_WARN_UNREACHABLE_CODE = YES;
				CLANG_WARN__DUPLICATE_METHOD_MATCH = YES;
				"CODE_SIGN_IDENTITY[sdk=iphoneos*]" = "iPhone Developer";
				COPY_PHASE_STRIP = NO;
				DEBUG_INFORMATION_FORMAT = "dwarf-with-dsym";
				ENABLE_NS_ASSERTIONS = NO;
				ENABLE_STRICT_OBJC_MSGSEND = YES;
				GCC_C_LANGUAGE_STANDARD = gnu99;
				GCC_NO_COMMON_BLOCKS = YES;
				GCC_WARN_64_TO_32_BIT_CONVERSION = YES;
				GCC_WARN_ABOUT_RETURN_TYPE = YES_ERROR;
				GCC_WARN_UNDECLARED_SELECTOR = YES;
				GCC_WARN_UNINITIALIZED_AUTOS = YES_AGGRESSIVE;
				GCC_WARN_UNUSED_FUNCTION = YES;
				GCC_WARN_UNUSED_VARIABLE = YES;
				IPHONEOS_DEPLOYMENT_TARGET = 10.0;
				MTL_ENABLE_DEBUG_INFO = NO;
				SDKROOT = iphoneos;
				SWIFT_OPTIMIZATION_LEVEL = "-Owholemodule";
				TARGETED_DEVICE_FAMILY = "1,2";
				VALIDATE_PRODUCT = YES;
			};
			name = Release;
		};
		F450E73F1DC99E1C006B1EC2 /* Debug */ = {
			isa = XCBuildConfiguration;
			baseConfigurationReference = 91DCEFDF98244058CB0BBD64 /* Pods-TaskHero.debug.xcconfig */;
			buildSettings = {
				ASSETCATALOG_COMPILER_APPICON_NAME = AppIcon;
				DEVELOPMENT_TEAM = GW6D535Q4U;
				INFOPLIST_FILE = TaskHero/Info.plist;
				LD_RUNPATH_SEARCH_PATHS = "$(inherited) @executable_path/Frameworks";
				PRODUCT_BUNDLE_IDENTIFIER = com.jsalabs.taskhero;
				PRODUCT_NAME = "$(TARGET_NAME)";
				SWIFT_VERSION = 3.0;
			};
			name = Debug;
		};
		F450E7401DC99E1C006B1EC2 /* Release */ = {
			isa = XCBuildConfiguration;
			baseConfigurationReference = 6C9B051DF5F700B34CF21EF6 /* Pods-TaskHero.release.xcconfig */;
			buildSettings = {
				ASSETCATALOG_COMPILER_APPICON_NAME = AppIcon;
				DEVELOPMENT_TEAM = GW6D535Q4U;
				INFOPLIST_FILE = TaskHero/Info.plist;
				LD_RUNPATH_SEARCH_PATHS = "$(inherited) @executable_path/Frameworks";
				PRODUCT_BUNDLE_IDENTIFIER = com.jsalabs.taskhero;
				PRODUCT_NAME = "$(TARGET_NAME)";
				SWIFT_VERSION = 3.0;
			};
			name = Release;
		};
/* End XCBuildConfiguration section */

/* Begin XCConfigurationList section */
		F450E7271DC99E1C006B1EC2 /* Build configuration list for PBXProject "TaskHero" */ = {
			isa = XCConfigurationList;
			buildConfigurations = (
				F450E73C1DC99E1C006B1EC2 /* Debug */,
				F450E73D1DC99E1C006B1EC2 /* Release */,
			);
			defaultConfigurationIsVisible = 0;
			defaultConfigurationName = Release;
		};
		F450E73E1DC99E1C006B1EC2 /* Build configuration list for PBXNativeTarget "TaskHero" */ = {
			isa = XCConfigurationList;
			buildConfigurations = (
				F450E73F1DC99E1C006B1EC2 /* Debug */,
				F450E7401DC99E1C006B1EC2 /* Release */,
			);
			defaultConfigurationIsVisible = 0;
			defaultConfigurationName = Release;
		};
/* End XCConfigurationList section */
	};
	rootObject = F450E7241DC99E1C006B1EC2 /* Project object */;
}
